{
  "nodes": {
    "crane": {
      "inputs": {
        "nixpkgs": [
          "lwk-flake",
          "nixpkgs"
        ]
      },
      "locked": {
        "lastModified": 1713979152,
        "narHash": "sha256-apdecPuh8SOQnkEET/kW/UcfjCRb8JbV5BKjoH+DcP4=",
        "owner": "ipetkov",
        "repo": "crane",
        "rev": "a5eca68a2cf11adb32787fc141cddd29ac8eb79c",
        "type": "github"
      },
      "original": {
        "owner": "ipetkov",
        "repo": "crane",
        "type": "github"
      }
    },
    "electrs-flake": {
      "inputs": {
        "crane": [
          "lwk-flake",
          "crane"
        ],
        "flake-utils": [
          "lwk-flake",
          "flake-utils"
        ],
        "nixpkgs": [
          "lwk-flake",
          "nixpkgs"
        ],
        "rust-overlay": [
          "lwk-flake",
          "rust-overlay"
        ]
      },
      "locked": {
        "lastModified": 1714129864,
        "narHash": "sha256-Qe07R/8qbaj5J8TSYJRxYfPY0BShFJHrCe+LuGTXf+4=",
        "owner": "blockstream",
        "repo": "electrs",
        "rev": "efc1fec8b0f96b5663d7257a0c2cffd8ef143219",
        "type": "github"
      },
      "original": {
        "owner": "blockstream",
        "repo": "electrs",
        "type": "github"
      }
    },
    "flake-utils": {
      "inputs": {
        "systems": "systems"
      },
      "locked": {
        "lastModified": 1731533236,
        "narHash": "sha256-l0KFg5HjrsfsO/JpG+r7fRrqm12kzFHyUHqHCVpMMbI=",
        "owner": "numtide",
        "repo": "flake-utils",
        "rev": "11707dc2f618dd54ca8739b309ec4fc024de578b",
        "type": "github"
      },
      "original": {
        "owner": "numtide",
        "repo": "flake-utils",
        "type": "github"
      }
    },
    "lwk-flake": {
      "inputs": {
        "crane": "crane",
        "electrs-flake": "electrs-flake",
        "flake-utils": [
          "flake-utils"
        ],
        "nixpkgs": [
          "nixpkgs"
        ],
        "registry-flake": "registry-flake",
        "rust-overlay": "rust-overlay"
      },
      "locked": {
        "lastModified": 1728894785,
        "narHash": "sha256-46HJYn1DJCp1+L+hUs8H90IkOsz2BDJVuYJI/pI/Jk4=",
        "owner": "blockstream",
        "repo": "lwk",
        "rev": "9ddd20a806625bb40cd063ad61d80d106809a9fd",
        "type": "github"
      },
      "original": {
        "owner": "blockstream",
        "repo": "lwk",
        "rev": "9ddd20a806625bb40cd063ad61d80d106809a9fd",
        "type": "github"
      }
    },
    "nixpkgs": {
      "locked": {
        "lastModified": 1753934836,
        "narHash": "sha256-G06FmIBj0I5bMW1Q8hAEIl5N7IHMK7+Ta4KA+BmneDA=",
        "owner": "NixOS",
        "repo": "nixpkgs",
        "rev": "8679b16e11becd487b45d568358ddf9d5640d860",
        "type": "github"
      },
      "original": {
        "owner": "NixOS",
        "ref": "nixpkgs-unstable",
        "repo": "nixpkgs",
        "type": "github"
      }
    },
    "nixpkgs2": {
      "locked": {
        "lastModified": 1711632680,
        "narHash": "sha256-JSC40xJKTVMQCf5jGCGvi0xGjF0sdaXIMwzxrvZZbjI=",
        "owner": "NixOS",
        "repo": "nixpkgs",
        "rev": "680d27ad847801af781e0a99e4b87ed73965c69a",
        "type": "github"
      },
      "original": {
        "owner": "NixOS",
        "repo": "nixpkgs",
        "rev": "680d27ad847801af781e0a99e4b87ed73965c69a",
        "type": "github"
      }
    },
    "registry-flake": {
      "inputs": {
        "crane": [
          "lwk-flake",
          "crane"
        ],
        "flake-utils": [
          "lwk-flake",
          "flake-utils"
        ],
        "nixpkgs": [
          "lwk-flake",
          "nixpkgs"
        ],
        "rust-overlay": [
          "lwk-flake",
          "rust-overlay"
        ]
      },
      "locked": {
        "lastModified": 1713271724,
        "narHash": "sha256-0TRBGEJROTxtv1+ISeZ+vGriAd999v6lJ1L8aFdlNV4=",
        "owner": "blockstream",
        "repo": "asset_registry",
        "rev": "f1c62fd793652827d3387e9aa4fca13c76de334e",
        "type": "github"
      },
      "original": {
        "owner": "blockstream",
        "ref": "flake",
        "repo": "asset_registry",
        "type": "github"
      }
    },
    "root": {
      "inputs": {
        "flake-utils": "flake-utils",
        "lwk-flake": "lwk-flake",
        "nixpkgs": "nixpkgs",
        "nixpkgs2": "nixpkgs2"
      }
    },
    "rust-overlay": {
      "inputs": {
        "flake-utils": [
          "lwk-flake",
          "flake-utils"
        ],
        "nixpkgs": [
          "lwk-flake",
          "nixpkgs"
        ]
      },
      "locked": {
        "lastModified": 1714356894,
        "narHash": "sha256-W6Mss7AG6bnFT1BqRApHXvLXBrFOu7V0+EUe9iML30s=",
        "owner": "oxalica",
        "repo": "rust-overlay",
        "rev": "d9b44509b4064f0a3fc9c7c92a603861f52fbedc",
        "type": "github"
      },
      "original": {
        "owner": "oxalica",
        "repo": "rust-overlay",
        "type": "github"
      }
    },
    "systems": {
      "locked": {
        "lastModified": 1681028828,
        "narHash": "sha256-Vy1rq5AaRuLzOxct8nz4T6wlgyUR7zLU309k9mBC768=",
        "owner": "nix-systems",
        "repo": "default",
        "rev": "da67096a3b9bf56a91d16901293e51ba5b49a27e",
        "type": "github"
      },
      "original": {
        "owner": "nix-systems",
        "repo": "default",
        "type": "github"
      }
    }
  },
  "root": "root",
  "version": 7
}
