{
  "nodes": {
    "blockstream-electrs": {
      "inputs": {
        "crane": [
          "crane"
        ],
        "flake-utils": [
          "flake-utils"
        ],
        "nixpkgs": [
          "nixpkgs"
        ],
        "rust-overlay": [
          "rust-overlay"
        ]
      },
      "locked": {
        "lastModified": 1774288816,
        "narHash": "sha256-URRbRPmvdI6aYkENCLaFhAELYKyU7O6jWgw1jBeX+ZY=",
        "owner": "Blockstream",
        "repo": "electrs",
        "rev": "335b5679f97b29500f72662540386a9659c1a2e6",
        "type": "github"
      },
      "original": {
        "owner": "Blockstream",
        "repo": "electrs",
        "type": "github"
      }
    },
    "crane": {
      "locked": {
        "lastModified": 1774313767,
        "narHash": "sha256-hy0XTQND6avzGEUFrJtYBBpFa/POiiaGBr2vpU6Y9tY=",
        "owner": "ipetkov",
        "repo": "crane",
        "rev": "3d9df76e29656c679c744968b17fbaf28f0e923d",
        "type": "github"
      },
      "original": {
        "owner": "ipetkov",
        "repo": "crane",
        "type": "github"
      }
    },
    "electrs-flake": {
      "inputs": {
        "crane": [
          "lwk-flake",
          "crane"
        ],
        "flake-utils": [
          "lwk-flake",
          "flake-utils"
        ],
        "nixpkgs": [
          "lwk-flake",
          "nixpkgs"
        ],
        "rust-overlay": [
          "lwk-flake",
          "rust-overlay"
        ]
      },
      "locked": {
        "lastModified": 1714129864,
        "narHash": "sha256-Qe07R/8qbaj5J8TSYJRxYfPY0BShFJHrCe+LuGTXf+4=",
        "owner": "blockstream",
        "repo": "electrs",
        "rev": "efc1fec8b0f96b5663d7257a0c2cffd8ef143219",
        "type": "github"
      },
      "original": {
        "owner": "blockstream",
        "repo": "electrs",
        "type": "github"
      }
    },
    "flake-utils": {
      "inputs": {
        "systems": "systems"
      },
      "locked": {
        "lastModified": 1731533236,
        "narHash": "sha256-l0KFg5HjrsfsO/JpG+r7fRrqm12kzFHyUHqHCVpMMbI=",
        "owner": "numtide",
        "repo": "flake-utils",
        "rev": "11707dc2f618dd54ca8739b309ec4fc024de578b",
        "type": "github"
      },
      "original": {
        "owner": "numtide",
        "repo": "flake-utils",
        "type": "github"
      }
    },
    "lwk-flake": {
      "inputs": {
        "crane": [
          "crane"
        ],
        "electrs-flake": "electrs-flake",
        "flake-utils": [
          "flake-utils"
        ],
        "nixpkgs": [
          "nixpkgs"
        ],
        "registry-flake": "registry-flake",
        "rust-overlay": [
          "rust-overlay"
        ]
      },
      "locked": {
        "lastModified": 1728894785,
        "narHash": "sha256-46HJYn1DJCp1+L+hUs8H90IkOsz2BDJVuYJI/pI/Jk4=",
        "owner": "blockstream",
        "repo": "lwk",
        "rev": "9ddd20a806625bb40cd063ad61d80d106809a9fd",
        "type": "github"
      },
      "original": {
        "owner": "blockstream",
        "repo": "lwk",
        "rev": "9ddd20a806625bb40cd063ad61d80d106809a9fd",
        "type": "github"
      }
    },
    "nixpkgs": {
      "locked": {
        "lastModified": 1774701658,
        "narHash": "sha256-CIS/4AMUSwUyC8X5g+5JsMRvIUL3YUfewe8K4VrbsSQ=",
        "owner": "NixOS",
        "repo": "nixpkgs",
        "rev": "b63fe7f000adcfa269967eeff72c64cafecbbebe",
        "type": "github"
      },
      "original": {
        "owner": "NixOS",
        "ref": "nixpkgs-unstable",
        "repo": "nixpkgs",
        "type": "github"
      }
    },
    "registry-flake": {
      "inputs": {
        "crane": [
          "lwk-flake",
          "crane"
        ],
        "flake-utils": [
          "lwk-flake",
          "flake-utils"
        ],
        "nixpkgs": [
          "lwk-flake",
          "nixpkgs"
        ],
        "rust-overlay": [
          "lwk-flake",
          "rust-overlay"
        ]
      },
      "locked": {
        "lastModified": 1713271724,
        "narHash": "sha256-0TRBGEJROTxtv1+ISeZ+vGriAd999v6lJ1L8aFdlNV4=",
        "owner": "blockstream",
        "repo": "asset_registry",
        "rev": "f1c62fd793652827d3387e9aa4fca13c76de334e",
        "type": "github"
      },
      "original": {
        "owner": "blockstream",
        "ref": "flake",
        "repo": "asset_registry",
        "type": "github"
      }
    },
    "root": {
      "inputs": {
        "blockstream-electrs": "blockstream-electrs",
        "crane": "crane",
        "flake-utils": "flake-utils",
        "lwk-flake": "lwk-flake",
        "nixpkgs": "nixpkgs",
        "rust-overlay": "rust-overlay"
      }
    },
    "rust-overlay": {
      "inputs": {
        "nixpkgs": [
          "nixpkgs"
        ]
      },
      "locked": {
        "lastModified": 1774840424,
        "narHash": "sha256-3Oi4mBKzOCFQYLUyEjyc0s5cnlNj1MzmhpVKoLptpe8=",
        "owner": "oxalica",
        "repo": "rust-overlay",
        "rev": "d9f52b51548e76ab8b6e7d647763047ebdec835c",
        "type": "github"
      },
      "original": {
        "owner": "oxalica",
        "repo": "rust-overlay",
        "type": "github"
      }
    },
    "systems": {
      "locked": {
        "lastModified": 1681028828,
        "narHash": "sha256-Vy1rq5AaRuLzOxct8nz4T6wlgyUR7zLU309k9mBC768=",
        "owner": "nix-systems",
        "repo": "default",
        "rev": "da67096a3b9bf56a91d16901293e51ba5b49a27e",
        "type": "github"
      },
      "original": {
        "owner": "nix-systems",
        "repo": "default",
        "type": "github"
      }
    }
  },
  "root": "root",
  "version": 7
}
