{
  "nodes": {
    "blockstream-electrs": {
      "inputs": {
        "crane": [
          "crane"
        ],
        "flake-utils": [
          "flake-utils"
        ],
        "nixpkgs": [
          "nixpkgs"
        ],
        "rust-overlay": [
          "rust-overlay"
        ]
      },
      "locked": {
        "lastModified": 1772147709,
        "narHash": "sha256-Qkyv8EWmjnO0n7TdJc54Mef5kz5AQIeQ0dpktsg5EcU=",
        "owner": "Blockstream",
        "repo": "electrs",
        "rev": "9605c5457a756725af154dd0fa4b2d5a06fc5623",
        "type": "github"
      },
      "original": {
        "owner": "Blockstream",
        "repo": "electrs",
        "type": "github"
      }
    },
    "crane": {
      "locked": {
        "lastModified": 1772080396,
        "narHash": "sha256-84W9UNtSk9DNMh43WBkOjpkbfODlmg+RDi854PnNgLE=",
        "owner": "ipetkov",
        "repo": "crane",
        "rev": "8525580bc0316c39dbfa18bd09a1331e98c9e463",
        "type": "github"
      },
      "original": {
        "owner": "ipetkov",
        "repo": "crane",
        "type": "github"
      }
    },
    "electrs-flake": {
      "inputs": {
        "crane": [
          "lwk-flake",
          "crane"
        ],
        "flake-utils": [
          "lwk-flake",
          "flake-utils"
        ],
        "nixpkgs": [
          "lwk-flake",
          "nixpkgs"
        ],
        "rust-overlay": [
          "lwk-flake",
          "rust-overlay"
        ]
      },
      "locked": {
        "lastModified": 1714129864,
        "narHash": "sha256-Qe07R/8qbaj5J8TSYJRxYfPY0BShFJHrCe+LuGTXf+4=",
        "owner": "blockstream",
        "repo": "electrs",
        "rev": "efc1fec8b0f96b5663d7257a0c2cffd8ef143219",
        "type": "github"
      },
      "original": {
        "owner": "blockstream",
        "repo": "electrs",
        "type": "github"
      }
    },
    "flake-utils": {
      "inputs": {
        "systems": "systems"
      },
      "locked": {
        "lastModified": 1731533236,
        "narHash": "sha256-l0KFg5HjrsfsO/JpG+r7fRrqm12kzFHyUHqHCVpMMbI=",
        "owner": "numtide",
        "repo": "flake-utils",
        "rev": "11707dc2f618dd54ca8739b309ec4fc024de578b",
        "type": "github"
      },
      "original": {
        "owner": "numtide",
        "repo": "flake-utils",
        "type": "github"
      }
    },
    "lwk-flake": {
      "inputs": {
        "crane": [
          "crane"
        ],
        "electrs-flake": "electrs-flake",
        "flake-utils": [
          "flake-utils"
        ],
        "nixpkgs": [
          "nixpkgs"
        ],
        "registry-flake": "registry-flake",
        "rust-overlay": [
          "rust-overlay"
        ]
      },
      "locked": {
        "lastModified": 1728894785,
        "narHash": "sha256-46HJYn1DJCp1+L+hUs8H90IkOsz2BDJVuYJI/pI/Jk4=",
        "owner": "blockstream",
        "repo": "lwk",
        "rev": "9ddd20a806625bb40cd063ad61d80d106809a9fd",
        "type": "github"
      },
      "original": {
        "owner": "blockstream",
        "repo": "lwk",
        "rev": "9ddd20a806625bb40cd063ad61d80d106809a9fd",
        "type": "github"
      }
    },
    "nixpkgs": {
      "locked": {
        "lastModified": 1772173633,
        "narHash": "sha256-MOH58F4AIbCkh6qlQcwMycyk5SWvsqnS/TCfnqDlpj4=",
        "owner": "NixOS",
        "repo": "nixpkgs",
        "rev": "c0f3d81a7ddbc2b1332be0d8481a672b4f6004d6",
        "type": "github"
      },
      "original": {
        "owner": "NixOS",
        "ref": "nixpkgs-unstable",
        "repo": "nixpkgs",
        "type": "github"
      }
    },
    "registry-flake": {
      "inputs": {
        "crane": [
          "lwk-flake",
          "crane"
        ],
        "flake-utils": [
          "lwk-flake",
          "flake-utils"
        ],
        "nixpkgs": [
          "lwk-flake",
          "nixpkgs"
        ],
        "rust-overlay": [
          "lwk-flake",
          "rust-overlay"
        ]
      },
      "locked": {
        "lastModified": 1713271724,
        "narHash": "sha256-0TRBGEJROTxtv1+ISeZ+vGriAd999v6lJ1L8aFdlNV4=",
        "owner": "blockstream",
        "repo": "asset_registry",
        "rev": "f1c62fd793652827d3387e9aa4fca13c76de334e",
        "type": "github"
      },
      "original": {
        "owner": "blockstream",
        "ref": "flake",
        "repo": "asset_registry",
        "type": "github"
      }
    },
    "root": {
      "inputs": {
        "blockstream-electrs": "blockstream-electrs",
        "crane": "crane",
        "flake-utils": "flake-utils",
        "lwk-flake": "lwk-flake",
        "nixpkgs": "nixpkgs",
        "rust-overlay": "rust-overlay"
      }
    },
    "rust-overlay": {
      "inputs": {
        "nixpkgs": [
          "nixpkgs"
        ]
      },
      "locked": {
        "lastModified": 1772247314,
        "narHash": "sha256-x6IFQ9bL7YYfW2m2z8D3Em2YtAA3HE8kiCFwai2fwrw=",
        "owner": "oxalica",
        "repo": "rust-overlay",
        "rev": "a1ab5e89ab12e1a37c0b264af6386a7472d68a15",
        "type": "github"
      },
      "original": {
        "owner": "oxalica",
        "repo": "rust-overlay",
        "type": "github"
      }
    },
    "systems": {
      "locked": {
        "lastModified": 1681028828,
        "narHash": "sha256-Vy1rq5AaRuLzOxct8nz4T6wlgyUR7zLU309k9mBC768=",
        "owner": "nix-systems",
        "repo": "default",
        "rev": "da67096a3b9bf56a91d16901293e51ba5b49a27e",
        "type": "github"
      },
      "original": {
        "owner": "nix-systems",
        "repo": "default",
        "type": "github"
      }
    }
  },
  "root": "root",
  "version": 7
}
